
Microsoft Visual Studio Solution File, Format Version 12.00
# Visual Studio 15
VisualStudioVersion = 15.0.27428.2002
MinimumVisualStudioVersion = 10.0.40219.1
Project("{9A19103F-16F7-4668-BE54-9A1E7A4F7556}") = "Quermine", "Quermine\Quermine.csproj", "{26D72A19-A05D-49D4-A302-8CCD7037B6A8}"
EndProject
Project("{9A19103F-16F7-4668-BE54-9A1E7A4F7556}") = "Quermine.MySql", "Quermine.MySql\Quermine.MySql.csproj", "{0E68FA49-D560-4C8C-9922-9521841527DC}"
EndProject
Project("{FAE04EC0-301F-11D3-BF4B-00C04F79EFBC}") = "Quermine.Tests", "Quermine.Tests\Quermine.Tests.csproj", "{949435D9-D81B-4E06-8D98-C09EDE50A167}"
EndProject
Global
	GlobalSection(SolutionConfigurationPlatforms) = preSolution
		Debug|Any CPU = Debug|Any CPU
		Release|Any CPU = Release|Any CPU
	EndGlobalSection
	GlobalSection(ProjectConfigurationPlatforms) = postSolution
		{26D72A19-A05D-49D4-A302-8CCD7037B6A8}.Debug|Any CPU.ActiveCfg = Debug|Any CPU
		{26D72A19-A05D-49D4-A302-8CCD7037B6A8}.Debug|Any CPU.Build.0 = Debug|Any CPU
		{26D72A19-A05D-49D4-A302-8CCD7037B6A8}.Release|Any CPU.ActiveCfg = Release|Any CPU
		{26D72A19-A05D-49D4-A302-8CCD7037B6A8}.Release|Any CPU.Build.0 = Release|Any CPU
		{0E68FA49-D560-4C8C-9922-9521841527DC}.Debug|Any CPU.ActiveCfg = Debug|Any CPU
		{0E68FA49-D560-4C8C-9922-9521841527DC}.Debug|Any CPU.Build.0 = Debug|Any CPU
		{0E68FA49-D560-4C8C-9922-9521841527DC}.Release|Any CPU.ActiveCfg = Release|Any CPU
		{0E68FA49-D560-4C8C-9922-9521841527DC}.Release|Any CPU.Build.0 = Release|Any CPU
		{949435D9-D81B-4E06-8D98-C09EDE50A167}.Debug|Any CPU.ActiveCfg = Debug|Any CPU
		{949435D9-D81B-4E06-8D98-C09EDE50A167}.Debug|Any CPU.Build.0 = Debug|Any CPU
		{949435D9-D81B-4E06-8D98-C09EDE50A167}.Release|Any CPU.ActiveCfg = Release|Any CPU
		{949435D9-D81B-4E06-8D98-C09EDE50A167}.Release|Any CPU.Build.0 = Release|Any CPU
	EndGlobalSection
	GlobalSection(SolutionProperties) = preSolution
		HideSolutionNode = FALSE
	EndGlobalSection
	GlobalSection(ExtensibilityGlobals) = postSolution
		SolutionGuid = {E5F73F85-8649-47CB-BF75-FB0B28DE2E7E}
	EndGlobalSection
EndGlobal
